// !$*UTF8*$!
{
	archiveVersion = 1;
	classes = {
	};
	objectVersion = 46;
	objects = {

/* Begin PBXBuildFile section */
		0537D30D14B769AB0004EBCB /* ACLEntry.m in Sources */ = {isa = PBXBuildFile; fileRef = 0537D30C14B769AB0004EBCB /* ACLEntry.m */; };
		0537D31B14B8131E0004EBCB /* ACLEntryEditor.xib in Resources */ = {isa = PBXBuildFile; fileRef = 0537D31914B8131E0004EBCB /* ACLEntryEditor.xib */; };
		0537D31E14B8133F0004EBCB /* ACLEntryEditorController.m in Sources */ = {isa = PBXBuildFile; fileRef = 0537D31D14B8133F0004EBCB /* ACLEntryEditorController.m */; };
		0542100414B70F49000FFB45 /* ACLEditor.xib in Resources */ = {isa = PBXBuildFile; fileRef = 0542100214B70F49000FFB45 /* ACLEditor.xib */; };
		0542100714B70F73000FFB45 /* ACLEditorController.m in Sources */ = {isa = PBXBuildFile; fileRef = 0542100614B70F73000FFB45 /* ACLEditorController.m */; };
		0542100A14B71CF3000FFB45 /* Register.xib in Resources */ = {isa = PBXBuildFile; fileRef = 0542100914B71CF3000FFB45 /* Register.xib */; };
		0542101514B71E11000FFB45 /* RegisterController.m in Sources */ = {isa = PBXBuildFile; fileRef = 0542101414B71E11000FFB45 /* RegisterController.m */; };
		05499D6412E9E98500D7AFEF /* Group.m in Sources */ = {isa = PBXBuildFile; fileRef = 05499D6312E9E98500D7AFEF /* Group.m */; };
		05499D6512E9EEA900D7AFEF /* User.m in Sources */ = {isa = PBXBuildFile; fileRef = 05499D5F12E9E8F200D7AFEF /* User.m */; };
		0560E01D14B87F3A0041D14E /* DarkGradient-Red.tif in Resources */ = {isa = PBXBuildFile; fileRef = 0560E01C14B87F3A0041D14E /* DarkGradient-Red.tif */; };
		0564E15612E8988F00035F08 /* Cocoa.framework in Frameworks */ = {isa = PBXBuildFile; fileRef = 0564E15512E8988F00035F08 /* Cocoa.framework */; };
		0564E16012E8988F00035F08 /* InfoPlist.strings in Resources */ = {isa = PBXBuildFile; fileRef = 0564E15E12E8988F00035F08 /* InfoPlist.strings */; };
		0564E16312E8988F00035F08 /* main.m in Sources */ = {isa = PBXBuildFile; fileRef = 0564E16212E8988F00035F08 /* main.m */; };
		05C3AE4912E9D183000AEC46 /* ApplicationController.m in Sources */ = {isa = PBXBuildFile; fileRef = 05C3AE4812E9D183000AEC46 /* ApplicationController.m */; };
		05C3AE5112E9D487000AEC46 /* AboutController.m in Sources */ = {isa = PBXBuildFile; fileRef = 05C3AE4E12E9D487000AEC46 /* AboutController.m */; };
		05C3AE5212E9D487000AEC46 /* MainWindowController.m in Sources */ = {isa = PBXBuildFile; fileRef = 05C3AE4F12E9D487000AEC46 /* MainWindowController.m */; };
		05C3AE5312E9D487000AEC46 /* PreferencesController.m in Sources */ = {isa = PBXBuildFile; fileRef = 05C3AE5012E9D487000AEC46 /* PreferencesController.m */; };
		05C3AE5812E9D568000AEC46 /* Localizable.strings in Resources */ = {isa = PBXBuildFile; fileRef = 05C3AE5412E9D4EA000AEC46 /* Localizable.strings */; };
		05C3AE5912E9D568000AEC46 /* MainWindow.xib in Resources */ = {isa = PBXBuildFile; fileRef = 05C3AE5612E9D4EA000AEC46 /* MainWindow.xib */; };
		05C3AE6712E9D64C000AEC46 /* DarkGradient.tif in Resources */ = {isa = PBXBuildFile; fileRef = 05C3AE6612E9D64C000AEC46 /* DarkGradient.tif */; };
		05C3AE7512E9D67F000AEC46 /* Application.icns in Resources */ = {isa = PBXBuildFile; fileRef = 05C3AE7412E9D67F000AEC46 /* Application.icns */; };
		05C3AE9012E9E1E6000AEC46 /* DSCLHelper.m in Sources */ = {isa = PBXBuildFile; fileRef = 05C3AE8F12E9E1E6000AEC46 /* DSCLHelper.m */; };
		05F139D01DFAEE2500887C1F /* NutShell.framework in Frameworks */ = {isa = PBXBuildFile; fileRef = 05F139C91DFAEE0300887C1F /* NutShell.framework */; };
		05F139D11DFAEE2C00887C1F /* NutShell.framework in Copy Private Frameworks */ = {isa = PBXBuildFile; fileRef = 05F139C91DFAEE0300887C1F /* NutShell.framework */; settings = {ATTRIBUTES = (CodeSignOnCopy, RemoveHeadersOnCopy, ); }; };
		05F3474412EACE8B008B2343 /* Defaults.plist in Resources */ = {isa = PBXBuildFile; fileRef = 05F3474312EACE8B008B2343 /* Defaults.plist */; };
/* End PBXBuildFile section */

/* Begin PBXContainerItemProxy section */
		05F139C81DFAEE0300887C1F /* PBXContainerItemProxy */ = {
			isa = PBXContainerItemProxy;
			containerPortal = 05F139C21DFAEE0300887C1F /* NutShell.xcodeproj */;
			proxyType = 2;
			remoteGlobalIDString = 05B7571A12E807E600C5DF5B;
			remoteInfo = "NutShell (Public)";
		};
		05F139CA1DFAEE0300887C1F /* PBXContainerItemProxy */ = {
			isa = PBXContainerItemProxy;
			containerPortal = 05F139C21DFAEE0300887C1F /* NutShell.xcodeproj */;
			proxyType = 2;
			remoteGlobalIDString = 0575ED8812E89230005E2DC0;
			remoteInfo = "NutShell (Private)";
		};
		05F139CC1DFAEE0300887C1F /* PBXContainerItemProxy */ = {
			isa = PBXContainerItemProxy;
			containerPortal = 05F139C21DFAEE0300887C1F /* NutShell.xcodeproj */;
			proxyType = 2;
			remoteGlobalIDString = 0560DFB214B86FA30041D14E;
			remoteInfo = "NutShell (Static)";
		};
		05F139CE1DFAEE2100887C1F /* PBXContainerItemProxy */ = {
			isa = PBXContainerItemProxy;
			containerPortal = 05F139C21DFAEE0300887C1F /* NutShell.xcodeproj */;
			proxyType = 1;
			remoteGlobalIDString = 05B7571912E807E600C5DF5B;
			remoteInfo = "NutShell (Public)";
		};
/* End PBXContainerItemProxy section */

/* Begin PBXCopyFilesBuildPhase section */
		0598D8E012E8990F00717153 /* Copy Private Frameworks */ = {
			isa = PBXCopyFilesBuildPhase;
			buildActionMask = 2147483647;
			dstPath = "";
			dstSubfolderSpec = 10;
			files = (
				05F139D11DFAEE2C00887C1F /* NutShell.framework in Copy Private Frameworks */,
			);
			name = "Copy Private Frameworks";
			runOnlyForDeploymentPostprocessing = 0;
		};
/* End PBXCopyFilesBuildPhase section */

/* Begin PBXFileReference section */
		050F16AE1300A62C0046DF3C /* NL.framework */ = {isa = PBXFileReference; explicitFileType = wrapper.framework; path = NL.framework; sourceTree = BUILT_PRODUCTS_DIR; };
		0537D30B14B769AB0004EBCB /* ACLEntry.h */ = {isa = PBXFileReference; fileEncoding = 4; lastKnownFileType = sourcecode.c.h; path = ACLEntry.h; sourceTree = "<group>"; };
		0537D30C14B769AB0004EBCB /* ACLEntry.m */ = {isa = PBXFileReference; fileEncoding = 4; lastKnownFileType = sourcecode.c.objc; path = ACLEntry.m; sourceTree = "<group>"; };
		0537D31A14B8131E0004EBCB /* en */ = {isa = PBXFileReference; lastKnownFileType = file.xib; name = en; path = en.lproj/ACLEntryEditor.xib; sourceTree = "<group>"; };
		0537D31C14B8133F0004EBCB /* ACLEntryEditorController.h */ = {isa = PBXFileReference; fileEncoding = 4; lastKnownFileType = sourcecode.c.h; path = ACLEntryEditorController.h; sourceTree = "<group>"; };
		0537D31D14B8133F0004EBCB /* ACLEntryEditorController.m */ = {isa = PBXFileReference; fileEncoding = 4; lastKnownFileType = sourcecode.c.objc; path = ACLEntryEditorController.m; sourceTree = "<group>"; };
		0542100314B70F49000FFB45 /* en */ = {isa = PBXFileReference; lastKnownFileType = file.xib; name = en; path = en.lproj/ACLEditor.xib; sourceTree = "<group>"; };
		0542100614B70F73000FFB45 /* ACLEditorController.m */ = {isa = PBXFileReference; fileEncoding = 4; lastKnownFileType = sourcecode.c.objc; path = ACLEditorController.m; sourceTree = "<group>"; };
		0542100914B71CF3000FFB45 /* Register.xib */ = {isa = PBXFileReference; fileEncoding = 4; lastKnownFileType = file.xib; path = Register.xib; sourceTree = "<group>"; };
		0542100B14B71D58000FFB45 /* AboutController.h */ = {isa = PBXFileReference; fileEncoding = 4; lastKnownFileType = sourcecode.c.h; path = AboutController.h; sourceTree = "<group>"; };
		0542100C14B71D58000FFB45 /* ACLEditorController.h */ = {isa = PBXFileReference; fileEncoding = 4; lastKnownFileType = sourcecode.c.h; path = ACLEditorController.h; sourceTree = "<group>"; };
		0542100D14B71D58000FFB45 /* ApplicationController.h */ = {isa = PBXFileReference; fileEncoding = 4; lastKnownFileType = sourcecode.c.h; path = ApplicationController.h; sourceTree = "<group>"; };
		0542100E14B71D58000FFB45 /* DSCLHelper.h */ = {isa = PBXFileReference; fileEncoding = 4; lastKnownFileType = sourcecode.c.h; path = DSCLHelper.h; sourceTree = "<group>"; };
		0542100F14B71D58000FFB45 /* Group.h */ = {isa = PBXFileReference; fileEncoding = 4; lastKnownFileType = sourcecode.c.h; path = Group.h; sourceTree = "<group>"; };
		0542101014B71D58000FFB45 /* MainWindowController.h */ = {isa = PBXFileReference; fileEncoding = 4; lastKnownFileType = sourcecode.c.h; path = MainWindowController.h; sourceTree = "<group>"; };
		0542101114B71D58000FFB45 /* PreferencesController.h */ = {isa = PBXFileReference; fileEncoding = 4; lastKnownFileType = sourcecode.c.h; path = PreferencesController.h; sourceTree = "<group>"; };
		0542101214B71D58000FFB45 /* User.h */ = {isa = PBXFileReference; fileEncoding = 4; lastKnownFileType = sourcecode.c.h; path = User.h; sourceTree = "<group>"; };
		0542101314B71E10000FFB45 /* RegisterController.h */ = {isa = PBXFileReference; fileEncoding = 4; lastKnownFileType = sourcecode.c.h; path = RegisterController.h; sourceTree = "<group>"; };
		0542101414B71E11000FFB45 /* RegisterController.m */ = {isa = PBXFileReference; fileEncoding = 4; lastKnownFileType = sourcecode.c.objc; path = RegisterController.m; sourceTree = "<group>"; };
		05499D5F12E9E8F200D7AFEF /* User.m */ = {isa = PBXFileReference; fileEncoding = 4; lastKnownFileType = sourcecode.c.objc; path = User.m; sourceTree = "<group>"; };
		05499D6312E9E98500D7AFEF /* Group.m */ = {isa = PBXFileReference; fileEncoding = 4; lastKnownFileType = sourcecode.c.objc; path = Group.m; sourceTree = "<group>"; };
		05499D6B12E9F7CC00D7AFEF /* __machine.h */ = {isa = PBXFileReference; fileEncoding = 4; lastKnownFileType = sourcecode.c.h; path = __machine.h; sourceTree = "<group>"; };
		05499D6D12E9F7CC00D7AFEF /* __arm.h */ = {isa = PBXFileReference; fileEncoding = 4; lastKnownFileType = sourcecode.c.h; path = __arm.h; sourceTree = "<group>"; };
		05499D6E12E9F7CC00D7AFEF /* __i386.h */ = {isa = PBXFileReference; fileEncoding = 4; lastKnownFileType = sourcecode.c.h; path = __i386.h; sourceTree = "<group>"; };
		05499D6F12E9F7CC00D7AFEF /* eos-skl.h */ = {isa = PBXFileReference; fileEncoding = 4; lastKnownFileType = sourcecode.c.h; path = "eos-skl.h"; sourceTree = "<group>"; };
		0560E01614B873F50041D14E /* QuickLook.framework */ = {isa = PBXFileReference; lastKnownFileType = wrapper.framework; name = QuickLook.framework; path = System/Library/Frameworks/QuickLook.framework; sourceTree = SDKROOT; };
		0560E01714B873F50041D14E /* Security.framework */ = {isa = PBXFileReference; lastKnownFileType = wrapper.framework; name = Security.framework; path = System/Library/Frameworks/Security.framework; sourceTree = SDKROOT; };
		0560E01814B873F50041D14E /* SystemConfiguration.framework */ = {isa = PBXFileReference; lastKnownFileType = wrapper.framework; name = SystemConfiguration.framework; path = System/Library/Frameworks/SystemConfiguration.framework; sourceTree = SDKROOT; };
		0560E01C14B87F3A0041D14E /* DarkGradient-Red.tif */ = {isa = PBXFileReference; lastKnownFileType = image.tiff; name = "DarkGradient-Red.tif"; path = "Images/DarkGradient-Red.tif"; sourceTree = "<group>"; };
		0564E15112E8988F00035F08 /* PropEdit.app */ = {isa = PBXFileReference; explicitFileType = wrapper.application; includeInIndex = 0; path = PropEdit.app; sourceTree = BUILT_PRODUCTS_DIR; };
		0564E15512E8988F00035F08 /* Cocoa.framework */ = {isa = PBXFileReference; lastKnownFileType = wrapper.framework; name = Cocoa.framework; path = System/Library/Frameworks/Cocoa.framework; sourceTree = SDKROOT; };
		0564E15812E8988F00035F08 /* AppKit.framework */ = {isa = PBXFileReference; lastKnownFileType = wrapper.framework; name = AppKit.framework; path = System/Library/Frameworks/AppKit.framework; sourceTree = SDKROOT; };
		0564E15912E8988F00035F08 /* CoreData.framework */ = {isa = PBXFileReference; lastKnownFileType = wrapper.framework; name = CoreData.framework; path = System/Library/Frameworks/CoreData.framework; sourceTree = SDKROOT; };
		0564E15A12E8988F00035F08 /* Foundation.framework */ = {isa = PBXFileReference; lastKnownFileType = wrapper.framework; name = Foundation.framework; path = System/Library/Frameworks/Foundation.framework; sourceTree = SDKROOT; };
		0564E15D12E8988F00035F08 /* PropEdit-Info.plist */ = {isa = PBXFileReference; lastKnownFileType = text.plist.xml; path = "PropEdit-Info.plist"; sourceTree = "<group>"; };
		0564E15F12E8988F00035F08 /* en */ = {isa = PBXFileReference; lastKnownFileType = text.plist.strings; name = en; path = en.lproj/InfoPlist.strings; sourceTree = "<group>"; };
		0564E16112E8988F00035F08 /* PropEdit-Prefix.pch */ = {isa = PBXFileReference; lastKnownFileType = sourcecode.c.h; path = "PropEdit-Prefix.pch"; sourceTree = "<group>"; };
		0564E16212E8988F00035F08 /* main.m */ = {isa = PBXFileReference; lastKnownFileType = sourcecode.c.objc; path = main.m; sourceTree = "<group>"; };
		05C3AE4812E9D183000AEC46 /* ApplicationController.m */ = {isa = PBXFileReference; fileEncoding = 4; lastKnownFileType = sourcecode.c.objc; path = ApplicationController.m; sourceTree = "<group>"; };
		05C3AE4E12E9D487000AEC46 /* AboutController.m */ = {isa = PBXFileReference; fileEncoding = 4; lastKnownFileType = sourcecode.c.objc; path = AboutController.m; sourceTree = "<group>"; };
		05C3AE4F12E9D487000AEC46 /* MainWindowController.m */ = {isa = PBXFileReference; fileEncoding = 4; lastKnownFileType = sourcecode.c.objc; path = MainWindowController.m; sourceTree = "<group>"; };
		05C3AE5012E9D487000AEC46 /* PreferencesController.m */ = {isa = PBXFileReference; fileEncoding = 4; lastKnownFileType = sourcecode.c.objc; path = PreferencesController.m; sourceTree = "<group>"; };
		05C3AE5512E9D4EA000AEC46 /* en */ = {isa = PBXFileReference; fileEncoding = 4; lastKnownFileType = text.plist.strings; name = en; path = en.lproj/Localizable.strings; sourceTree = "<group>"; };
		05C3AE5712E9D4EA000AEC46 /* en */ = {isa = PBXFileReference; fileEncoding = 4; lastKnownFileType = file.xib; name = en; path = en.lproj/MainWindow.xib; sourceTree = "<group>"; };
		05C3AE6612E9D64C000AEC46 /* DarkGradient.tif */ = {isa = PBXFileReference; lastKnownFileType = image.tiff; name = DarkGradient.tif; path = Images/DarkGradient.tif; sourceTree = "<group>"; };
		05C3AE7412E9D67F000AEC46 /* Application.icns */ = {isa = PBXFileReference; lastKnownFileType = image.icns; name = Application.icns; path = ../Application.icns; sourceTree = "<group>"; };
		05C3AE8F12E9E1E6000AEC46 /* DSCLHelper.m */ = {isa = PBXFileReference; fileEncoding = 4; lastKnownFileType = sourcecode.c.objc; path = DSCLHelper.m; sourceTree = "<group>"; };
		05F139C21DFAEE0300887C1F /* NutShell.xcodeproj */ = {isa = PBXFileReference; lastKnownFileType = "wrapper.pb-project"; name = NutShell.xcodeproj; path = Submodules/NutShell/NutShell.xcodeproj; sourceTree = "<group>"; };
		05F3474312EACE8B008B2343 /* Defaults.plist */ = {isa = PBXFileReference; lastKnownFileType = file.bplist; path = Defaults.plist; sourceTree = "<group>"; };
/* End PBXFileReference section */

/* Begin PBXFrameworksBuildPhase section */
		0564E14E12E8988F00035F08 /* Frameworks */ = {
			isa = PBXFrameworksBuildPhase;
			buildActionMask = 2147483647;
			files = (
				05F139D01DFAEE2500887C1F /* NutShell.framework in Frameworks */,
				0564E15612E8988F00035F08 /* Cocoa.framework in Frameworks */,
			);
			runOnlyForDeploymentPostprocessing = 0;
		};
/* End PBXFrameworksBuildPhase section */

/* Begin PBXGroup section */
		05499D6812E9F7BF00D7AFEF /* include */ = {
			isa = PBXGroup;
			children = (
				05499D6912E9F7CC00D7AFEF /* eos-skl */,
			);
			name = include;
			sourceTree = "<group>";
		};
		05499D6912E9F7CC00D7AFEF /* eos-skl */ = {
			isa = PBXGroup;
			children = (
				05499D6A12E9F7CC00D7AFEF /* __private */,
				05499D6F12E9F7CC00D7AFEF /* eos-skl.h */,
			);
			name = "eos-skl";
			path = "include/eos-skl";
			sourceTree = "<group>";
		};
		05499D6A12E9F7CC00D7AFEF /* __private */ = {
			isa = PBXGroup;
			children = (
				05499D6B12E9F7CC00D7AFEF /* __machine.h */,
				05499D6C12E9F7CC00D7AFEF /* arch */,
			);
			path = __private;
			sourceTree = "<group>";
		};
		05499D6C12E9F7CC00D7AFEF /* arch */ = {
			isa = PBXGroup;
			children = (
				05499D6D12E9F7CC00D7AFEF /* __arm.h */,
				05499D6E12E9F7CC00D7AFEF /* __i386.h */,
			);
			path = arch;
			sourceTree = "<group>";
		};
		0564E14612E8988F00035F08 = {
			isa = PBXGroup;
			children = (
				05F139C21DFAEE0300887C1F /* NutShell.xcodeproj */,
				0564E15B12E8988F00035F08 /* PropEdit */,
				0564E15412E8988F00035F08 /* Frameworks */,
				0564E15212E8988F00035F08 /* Products */,
			);
			sourceTree = "<group>";
		};
		0564E15212E8988F00035F08 /* Products */ = {
			isa = PBXGroup;
			children = (
				0564E15112E8988F00035F08 /* PropEdit.app */,
			);
			name = Products;
			sourceTree = "<group>";
		};
		0564E15412E8988F00035F08 /* Frameworks */ = {
			isa = PBXGroup;
			children = (
				0560E01614B873F50041D14E /* QuickLook.framework */,
				0560E01714B873F50041D14E /* Security.framework */,
				0560E01814B873F50041D14E /* SystemConfiguration.framework */,
				0564E15512E8988F00035F08 /* Cocoa.framework */,
				050F16AE1300A62C0046DF3C /* NL.framework */,
				0564E15712E8988F00035F08 /* Other Frameworks */,
			);
			name = Frameworks;
			sourceTree = "<group>";
		};
		0564E15712E8988F00035F08 /* Other Frameworks */ = {
			isa = PBXGroup;
			children = (
				0564E15812E8988F00035F08 /* AppKit.framework */,
				0564E15912E8988F00035F08 /* CoreData.framework */,
				0564E15A12E8988F00035F08 /* Foundation.framework */,
			);
			name = "Other Frameworks";
			sourceTree = "<group>";
		};
		0564E15B12E8988F00035F08 /* PropEdit */ = {
			isa = PBXGroup;
			children = (
				05C3ADF312E9C563000AEC46 /* Classes */,
				05C3ADF212E9C54E000AEC46 /* UI */,
				0564E15C12E8988F00035F08 /* Supporting Files */,
			);
			path = PropEdit;
			sourceTree = "<group>";
		};
		0564E15C12E8988F00035F08 /* Supporting Files */ = {
			isa = PBXGroup;
			children = (
				05499D6812E9F7BF00D7AFEF /* include */,
				05F3474312EACE8B008B2343 /* Defaults.plist */,
				0564E15D12E8988F00035F08 /* PropEdit-Info.plist */,
				0564E15E12E8988F00035F08 /* InfoPlist.strings */,
				0564E16112E8988F00035F08 /* PropEdit-Prefix.pch */,
				0564E16212E8988F00035F08 /* main.m */,
			);
			name = "Supporting Files";
			sourceTree = "<group>";
		};
		05C3ADF212E9C54E000AEC46 /* UI */ = {
			isa = PBXGroup;
			children = (
				05C3AE6412E9D634000AEC46 /* Icons */,
				05C3AE6512E9D63C000AEC46 /* Images */,
				05C3AE5412E9D4EA000AEC46 /* Localizable.strings */,
				05C3AE5612E9D4EA000AEC46 /* MainWindow.xib */,
				0542100914B71CF3000FFB45 /* Register.xib */,
				0542100214B70F49000FFB45 /* ACLEditor.xib */,
				0537D31914B8131E0004EBCB /* ACLEntryEditor.xib */,
			);
			name = UI;
			sourceTree = "<group>";
		};
		05C3ADF312E9C563000AEC46 /* Classes */ = {
			isa = PBXGroup;
			children = (
				0542100E14B71D58000FFB45 /* DSCLHelper.h */,
				05C3AE8F12E9E1E6000AEC46 /* DSCLHelper.m */,
				0542101214B71D58000FFB45 /* User.h */,
				05499D5F12E9E8F200D7AFEF /* User.m */,
				0542100F14B71D58000FFB45 /* Group.h */,
				05499D6312E9E98500D7AFEF /* Group.m */,
				0537D30B14B769AB0004EBCB /* ACLEntry.h */,
				0537D30C14B769AB0004EBCB /* ACLEntry.m */,
				0542100D14B71D58000FFB45 /* ApplicationController.h */,
				05C3AE4812E9D183000AEC46 /* ApplicationController.m */,
				0542100B14B71D58000FFB45 /* AboutController.h */,
				05C3AE4E12E9D487000AEC46 /* AboutController.m */,
				0542101014B71D58000FFB45 /* MainWindowController.h */,
				05C3AE4F12E9D487000AEC46 /* MainWindowController.m */,
				0542101114B71D58000FFB45 /* PreferencesController.h */,
				05C3AE5012E9D487000AEC46 /* PreferencesController.m */,
				0542101314B71E10000FFB45 /* RegisterController.h */,
				0542101414B71E11000FFB45 /* RegisterController.m */,
				0542100C14B71D58000FFB45 /* ACLEditorController.h */,
				0542100614B70F73000FFB45 /* ACLEditorController.m */,
				0537D31C14B8133F0004EBCB /* ACLEntryEditorController.h */,
				0537D31D14B8133F0004EBCB /* ACLEntryEditorController.m */,
			);
			path = Classes;
			sourceTree = "<group>";
		};
		05C3AE6412E9D634000AEC46 /* Icons */ = {
			isa = PBXGroup;
			children = (
				05C3AE7412E9D67F000AEC46 /* Application.icns */,
			);
			name = Icons;
			sourceTree = "<group>";
		};
		05C3AE6512E9D63C000AEC46 /* Images */ = {
			isa = PBXGroup;
			children = (
				0560E01C14B87F3A0041D14E /* DarkGradient-Red.tif */,
				05C3AE6612E9D64C000AEC46 /* DarkGradient.tif */,
			);
			name = Images;
			sourceTree = "<group>";
		};
		05F139C31DFAEE0300887C1F /* Products */ = {
			isa = PBXGroup;
			children = (
				05F139C91DFAEE0300887C1F /* NutShell.framework */,
				05F139CB1DFAEE0300887C1F /* NL.framework */,
				05F139CD1DFAEE0300887C1F /* libNLStatic.a */,
			);
			name = Products;
			sourceTree = "<group>";
		};
/* End PBXGroup section */

/* Begin PBXNativeTarget section */
		0564E15012E8988F00035F08 /* PropEdit */ = {
			isa = PBXNativeTarget;
			buildConfigurationList = 0564E16F12E8989000035F08 /* Build configuration list for PBXNativeTarget "PropEdit" */;
			buildPhases = (
				0564E14D12E8988F00035F08 /* Sources */,
				0564E14E12E8988F00035F08 /* Frameworks */,
				0564E14F12E8988F00035F08 /* Resources */,
				0598D8E012E8990F00717153 /* Copy Private Frameworks */,
			);
			buildRules = (
			);
			dependencies = (
				05F139CF1DFAEE2100887C1F /* PBXTargetDependency */,
			);
			name = PropEdit;
			productName = PropEdit;
			productReference = 0564E15112E8988F00035F08 /* PropEdit.app */;
			productType = "com.apple.product-type.application";
		};
/* End PBXNativeTarget section */

/* Begin PBXProject section */
		0564E14812E8988F00035F08 /* Project object */ = {
			isa = PBXProject;
			attributes = {
				LastUpgradeCheck = 0420;
				ORGANIZATIONNAME = eosgarden;
			};
			buildConfigurationList = 0564E14B12E8988F00035F08 /* Build configuration list for PBXProject "PropEdit" */;
			compatibilityVersion = "Xcode 3.2";
			developmentRegion = English;
			hasScannedForEncodings = 0;
			knownRegions = (
				en,
			);
			mainGroup = 0564E14612E8988F00035F08;
			productRefGroup = 0564E15212E8988F00035F08 /* Products */;
			projectDirPath = "";
			projectReferences = (
				{
					ProductGroup = 05F139C31DFAEE0300887C1F /* Products */;
					ProjectRef = 05F139C21DFAEE0300887C1F /* NutShell.xcodeproj */;
				},
			);
			projectRoot = "";
			targets = (
				0564E15012E8988F00035F08 /* PropEdit */,
			);
		};
/* End PBXProject section */

/* Begin PBXReferenceProxy section */
		05F139C91DFAEE0300887C1F /* NutShell.framework */ = {
			isa = PBXReferenceProxy;
			fileType = wrapper.framework;
			path = NutShell.framework;
			remoteRef = 05F139C81DFAEE0300887C1F /* PBXContainerItemProxy */;
			sourceTree = BUILT_PRODUCTS_DIR;
		};
		05F139CB1DFAEE0300887C1F /* NL.framework */ = {
			isa = PBXReferenceProxy;
			fileType = wrapper.framework;
			path = NL.framework;
			remoteRef = 05F139CA1DFAEE0300887C1F /* PBXContainerItemProxy */;
			sourceTree = BUILT_PRODUCTS_DIR;
		};
		05F139CD1DFAEE0300887C1F /* libNLStatic.a */ = {
			isa = PBXReferenceProxy;
			fileType = archive.ar;
			path = libNLStatic.a;
			remoteRef = 05F139CC1DFAEE0300887C1F /* PBXContainerItemProxy */;
			sourceTree = BUILT_PRODUCTS_DIR;
		};
/* End PBXReferenceProxy section */

/* Begin PBXResourcesBuildPhase section */
		0564E14F12E8988F00035F08 /* Resources */ = {
			isa = PBXResourcesBuildPhase;
			buildActionMask = 2147483647;
			files = (
				0564E16012E8988F00035F08 /* InfoPlist.strings in Resources */,
				05C3AE5812E9D568000AEC46 /* Localizable.strings in Resources */,
				05C3AE5912E9D568000AEC46 /* MainWindow.xib in Resources */,
				05C3AE6712E9D64C000AEC46 /* DarkGradient.tif in Resources */,
				05C3AE7512E9D67F000AEC46 /* Application.icns in Resources */,
				05F3474412EACE8B008B2343 /* Defaults.plist in Resources */,
				0542100414B70F49000FFB45 /* ACLEditor.xib in Resources */,
				0542100A14B71CF3000FFB45 /* Register.xib in Resources */,
				0537D31B14B8131E0004EBCB /* ACLEntryEditor.xib in Resources */,
				0560E01D14B87F3A0041D14E /* DarkGradient-Red.tif in Resources */,
			);
			runOnlyForDeploymentPostprocessing = 0;
		};
/* End PBXResourcesBuildPhase section */

/* Begin PBXSourcesBuildPhase section */
		0564E14D12E8988F00035F08 /* Sources */ = {
			isa = PBXSourcesBuildPhase;
			buildActionMask = 2147483647;
			files = (
				0564E16312E8988F00035F08 /* main.m in Sources */,
				05C3AE4912E9D183000AEC46 /* ApplicationController.m in Sources */,
				05C3AE5112E9D487000AEC46 /* AboutController.m in Sources */,
				05C3AE5212E9D487000AEC46 /* MainWindowController.m in Sources */,
				05C3AE5312E9D487000AEC46 /* PreferencesController.m in Sources */,
				05C3AE9012E9E1E6000AEC46 /* DSCLHelper.m in Sources */,
				05499D6412E9E98500D7AFEF /* Group.m in Sources */,
				05499D6512E9EEA900D7AFEF /* User.m in Sources */,
				0542100714B70F73000FFB45 /* ACLEditorController.m in Sources */,
				0542101514B71E11000FFB45 /* RegisterController.m in Sources */,
				0537D30D14B769AB0004EBCB /* ACLEntry.m in Sources */,
				0537D31E14B8133F0004EBCB /* ACLEntryEditorController.m in Sources */,
			);
			runOnlyForDeploymentPostprocessing = 0;
		};
/* End PBXSourcesBuildPhase section */

/* Begin PBXTargetDependency section */
		05F139CF1DFAEE2100887C1F /* PBXTargetDependency */ = {
			isa = PBXTargetDependency;
			name = "NutShell (Public)";
			targetProxy = 05F139CE1DFAEE2100887C1F /* PBXContainerItemProxy */;
		};
/* End PBXTargetDependency section */

/* Begin PBXVariantGroup section */
		0537D31914B8131E0004EBCB /* ACLEntryEditor.xib */ = {
			isa = PBXVariantGroup;
			children = (
				0537D31A14B8131E0004EBCB /* en */,
			);
			name = ACLEntryEditor.xib;
			sourceTree = "<group>";
		};
		0542100214B70F49000FFB45 /* ACLEditor.xib */ = {
			isa = PBXVariantGroup;
			children = (
				0542100314B70F49000FFB45 /* en */,
			);
			name = ACLEditor.xib;
			sourceTree = "<group>";
		};
		0564E15E12E8988F00035F08 /* InfoPlist.strings */ = {
			isa = PBXVariantGroup;
			children = (
				0564E15F12E8988F00035F08 /* en */,
			);
			name = InfoPlist.strings;
			sourceTree = "<group>";
		};
		05C3AE5412E9D4EA000AEC46 /* Localizable.strings */ = {
			isa = PBXVariantGroup;
			children = (
				05C3AE5512E9D4EA000AEC46 /* en */,
			);
			name = Localizable.strings;
			sourceTree = "<group>";
		};
		05C3AE5612E9D4EA000AEC46 /* MainWindow.xib */ = {
			isa = PBXVariantGroup;
			children = (
				05C3AE5712E9D4EA000AEC46 /* en */,
			);
			name = MainWindow.xib;
			sourceTree = "<group>";
		};
/* End PBXVariantGroup section */

/* Begin XCBuildConfiguration section */
		0564E16D12E8989000035F08 /* Debug */ = {
			isa = XCBuildConfiguration;
			buildSettings = {
				ARCHS = "$(ARCHS_STANDARD_32_64_BIT)";
				GCC_C_LANGUAGE_STANDARD = c99;
				GCC_OPTIMIZATION_LEVEL = 0;
				GCC_PREPROCESSOR_DEFINITIONS = DEBUG;
				GCC_TREAT_IMPLICIT_FUNCTION_DECLARATIONS_AS_ERRORS = YES;
				GCC_TREAT_WARNINGS_AS_ERRORS = YES;
				GCC_VERSION = com.apple.compilers.llvm.clang.1_0;
				GCC_WARN_64_TO_32_BIT_CONVERSION = YES;
				GCC_WARN_ABOUT_DEPRECATED_FUNCTIONS = YES;
				GCC_WARN_ABOUT_INVALID_OFFSETOF_MACRO = YES;
				GCC_WARN_ABOUT_MISSING_FIELD_INITIALIZERS = YES;
				GCC_WARN_ABOUT_MISSING_NEWLINE = YES;
				GCC_WARN_ABOUT_MISSING_PROTOTYPES = YES;
				GCC_WARN_ABOUT_POINTER_SIGNEDNESS = YES;
				GCC_WARN_ABOUT_RETURN_TYPE = YES;
				GCC_WARN_ALLOW_INCOMPLETE_PROTOCOL = YES;
				GCC_WARN_CHECK_SWITCH_STATEMENTS = YES;
				GCC_WARN_FOUR_CHARACTER_CONSTANTS = YES;
				GCC_WARN_HIDDEN_VIRTUAL_FUNCTIONS = YES;
				GCC_WARN_INHIBIT_ALL_WARNINGS = NO;
				GCC_WARN_INITIALIZER_NOT_FULLY_BRACKETED = YES;
				GCC_WARN_MISSING_PARENTHESES = YES;
				GCC_WARN_MULTIPLE_DEFINITION_TYPES_FOR_SELECTOR = NO;
				GCC_WARN_NON_VIRTUAL_DESTRUCTOR = YES;
				GCC_WARN_PEDANTIC = YES;
				GCC_WARN_SHADOW = YES;
				GCC_WARN_SIGN_COMPARE = YES;
				GCC_WARN_STRICT_SELECTOR_MATCH = YES;
				GCC_WARN_TYPECHECK_CALLS_TO_PRINTF = YES;
				GCC_WARN_UNDECLARED_SELECTOR = YES;
				GCC_WARN_UNINITIALIZED_AUTOS = YES;
				GCC_WARN_UNKNOWN_PRAGMAS = YES;
				GCC_WARN_UNUSED_FUNCTION = YES;
				GCC_WARN_UNUSED_LABEL = YES;
				GCC_WARN_UNUSED_PARAMETER = YES;
				GCC_WARN_UNUSED_VALUE = YES;
				GCC_WARN_UNUSED_VARIABLE = YES;
				MACOSX_DEPLOYMENT_TARGET = 10.6;
				ONLY_ACTIVE_ARCH = YES;
				SDKROOT = macosx;
				WARNING_CFLAGS = (
					"-Wall",
					"-Wextra",
					"-Werror",
					"-Wbad-function-cast",
					"-Wmissing-declarations",
					"-Wmissing-prototypes",
					"-Wnested-externs",
					"-Wold-style-definition",
					"-Wstrict-prototypes",
					"-Wdeclaration-after-statement",
				);
			};
			name = Debug;
		};
		0564E16E12E8989000035F08 /* Release */ = {
			isa = XCBuildConfiguration;
			buildSettings = {
				ARCHS = "$(ARCHS_STANDARD_32_64_BIT)";
				GCC_C_LANGUAGE_STANDARD = c99;
				GCC_TREAT_IMPLICIT_FUNCTION_DECLARATIONS_AS_ERRORS = YES;
				GCC_TREAT_WARNINGS_AS_ERRORS = YES;
				GCC_VERSION = com.apple.compilers.llvm.clang.1_0;
				GCC_WARN_64_TO_32_BIT_CONVERSION = YES;
				GCC_WARN_ABOUT_DEPRECATED_FUNCTIONS = YES;
				GCC_WARN_ABOUT_INVALID_OFFSETOF_MACRO = YES;
				GCC_WARN_ABOUT_MISSING_FIELD_INITIALIZERS = YES;
				GCC_WARN_ABOUT_MISSING_NEWLINE = YES;
				GCC_WARN_ABOUT_MISSING_PROTOTYPES = YES;
				GCC_WARN_ABOUT_POINTER_SIGNEDNESS = YES;
				GCC_WARN_ABOUT_RETURN_TYPE = YES;
				GCC_WARN_ALLOW_INCOMPLETE_PROTOCOL = YES;
				GCC_WARN_CHECK_SWITCH_STATEMENTS = YES;
				GCC_WARN_FOUR_CHARACTER_CONSTANTS = YES;
				GCC_WARN_HIDDEN_VIRTUAL_FUNCTIONS = YES;
				GCC_WARN_INHIBIT_ALL_WARNINGS = NO;
				GCC_WARN_INITIALIZER_NOT_FULLY_BRACKETED = YES;
				GCC_WARN_MISSING_PARENTHESES = YES;
				GCC_WARN_MULTIPLE_DEFINITION_TYPES_FOR_SELECTOR = NO;
				GCC_WARN_NON_VIRTUAL_DESTRUCTOR = YES;
				GCC_WARN_PEDANTIC = YES;
				GCC_WARN_SHADOW = YES;
				GCC_WARN_SIGN_COMPARE = YES;
				GCC_WARN_STRICT_SELECTOR_MATCH = YES;
				GCC_WARN_TYPECHECK_CALLS_TO_PRINTF = YES;
				GCC_WARN_UNDECLARED_SELECTOR = YES;
				GCC_WARN_UNINITIALIZED_AUTOS = YES;
				GCC_WARN_UNKNOWN_PRAGMAS = YES;
				GCC_WARN_UNUSED_FUNCTION = YES;
				GCC_WARN_UNUSED_LABEL = YES;
				GCC_WARN_UNUSED_PARAMETER = YES;
				GCC_WARN_UNUSED_VALUE = YES;
				GCC_WARN_UNUSED_VARIABLE = YES;
				MACOSX_DEPLOYMENT_TARGET = 10.6;
				SDKROOT = macosx;
				WARNING_CFLAGS = (
					"-Wall",
					"-Wextra",
					"-Werror",
					"-Wbad-function-cast",
					"-Wmissing-declarations",
					"-Wmissing-prototypes",
					"-Wnested-externs",
					"-Wold-style-definition",
					"-Wstrict-prototypes",
					"-Wdeclaration-after-statement",
				);
			};
			name = Release;
		};
		0564E17012E8989000035F08 /* Debug */ = {
			isa = XCBuildConfiguration;
			buildSettings = {
				COPY_PHASE_STRIP = NO;
				DEPLOYMENT_LOCATION = YES;
				DEPLOYMENT_POSTPROCESSING = YES;
				DSTROOT = /;
				FRAMEWORK_SEARCH_PATHS = (
					"$(inherited)",
					"\"$(SRCROOT)\"",
				);
				GCC_DYNAMIC_NO_PIC = NO;
				GCC_ENABLE_OBJC_EXCEPTIONS = YES;
				GCC_PRECOMPILE_PREFIX_HEADER = YES;
				GCC_PREFIX_HEADER = "PropEdit/PropEdit-Prefix.pch";
				INFOPLIST_FILE = "PropEdit/PropEdit-Info.plist";
				INSTALL_PATH = /Applications;
				ONLY_ACTIVE_ARCH = NO;
				PRODUCT_NAME = "$(TARGET_NAME)";
				WRAPPER_EXTENSION = app;
			};
			name = Debug;
		};
		0564E17112E8989000035F08 /* Release */ = {
			isa = XCBuildConfiguration;
			buildSettings = {
				COPY_PHASE_STRIP = YES;
				DEBUG_INFORMATION_FORMAT = "dwarf-with-dsym";
				DEPLOYMENT_LOCATION = YES;
				DEPLOYMENT_POSTPROCESSING = YES;
				DSTROOT = /;
				FRAMEWORK_SEARCH_PATHS = (
					"$(inherited)",
					"\"$(SRCROOT)\"",
				);
				GCC_ENABLE_OBJC_EXCEPTIONS = YES;
				GCC_PRECOMPILE_PREFIX_HEADER = YES;
				GCC_PREFIX_HEADER = "PropEdit/PropEdit-Prefix.pch";
				INFOPLIST_FILE = "PropEdit/PropEdit-Info.plist";
				INSTALL_PATH = /Applications;
				PRODUCT_NAME = "$(TARGET_NAME)";
				WRAPPER_EXTENSION = app;
			};
			name = Release;
		};
/* End XCBuildConfiguration section */

/* Begin XCConfigurationList section */
		0564E14B12E8988F00035F08 /* Build configuration list for PBXProject "PropEdit" */ = {
			isa = XCConfigurationList;
			buildConfigurations = (
				0564E16D12E8989000035F08 /* Debug */,
				0564E16E12E8989000035F08 /* Release */,
			);
			defaultConfigurationIsVisible = 0;
			defaultConfigurationName = Release;
		};
		0564E16F12E8989000035F08 /* Build configuration list for PBXNativeTarget "PropEdit" */ = {
			isa = XCConfigurationList;
			buildConfigurations = (
				0564E17012E8989000035F08 /* Debug */,
				0564E17112E8989000035F08 /* Release */,
			);
			defaultConfigurationIsVisible = 0;
			defaultConfigurationName = Release;
		};
/* End XCConfigurationList section */
	};
	rootObject = 0564E14812E8988F00035F08 /* Project object */;
}
